
Microsoft Visual Studio Solution File, Format Version 12.00
# Visual Studio 15
VisualStudioVersion = 15.0.27703.2000
MinimumVisualStudioVersion = 10.0.40219.1
Project("{FAE04EC0-301F-11D3-BF4B-00C04F79EFBC}") = "TestApp", "TestApp\TestApp.csproj", "{BAEC71E0-D320-4044-8904-8A1D7AFF101E}"
EndProject
Global
	GlobalSection(SolutionConfigurationPlatforms) = preSolution
		Debug|Any CPU = Debug|Any CPU
		Release|Any CPU = Release|Any CPU
	EndGlobalSection
	GlobalSection(ProjectConfigurationPlatforms) = postSolution
		{BAEC71E0-D320-4044-8904-8A1D7AFF101E}.Debug|Any CPU.ActiveCfg = Debug|Any CPU
		{BAEC71E0-D320-4044-8904-8A1D7AFF101E}.Debug|Any CPU.Build.0 = Debug|Any CPU
		{BAEC71E0-D320-4044-8904-8A1D7AFF101E}.Release|Any CPU.ActiveCfg = Release|Any CPU
		{BAEC71E0-D320-4044-8904-8A1D7AFF101E}.Release|Any CPU.Build.0 = Release|Any CPU
	EndGlobalSection
	GlobalSection(SolutionProperties) = preSolution
		HideSolutionNode = FALSE
	EndGlobalSection
	GlobalSection(ExtensibilityGlobals) = postSolution
		SolutionGuid = {4FC21AA8-9855-442F-9AD4-4733B399C72F}
	EndGlobalSection
EndGlobal
